
Microsoft Visual Studio Solution File, Format Version 12.00
# Visual Studio Version 17
VisualStudioVersion = 17.2.32516.85
MinimumVisualStudioVersion = 10.0.40219.1
Project("{FAE04EC0-301F-11D3-BF4B-00C04F79EFBC}") = "shoppingAPI", "shoppingAPI\shoppingAPI.csproj", "{48E3E9CA-97BF-47F5-AEDB-572AC2482DED}"
EndProject
Global
	GlobalSection(SolutionConfigurationPlatforms) = preSolution
		Debug|Any CPU = Debug|Any CPU
		Release|Any CPU = Release|Any CPU
	EndGlobalSection
	GlobalSection(ProjectConfigurationPlatforms) = postSolution
		{48E3E9CA-97BF-47F5-AEDB-572AC2482DED}.Debug|Any CPU.ActiveCfg = Debug|Any CPU
		{48E3E9CA-97BF-47F5-AEDB-572AC2482DED}.Debug|Any CPU.Build.0 = Debug|Any CPU
		{48E3E9CA-97BF-47F5-AEDB-572AC2482DED}.Release|Any CPU.ActiveCfg = Release|Any CPU
		{48E3E9CA-97BF-47F5-AEDB-572AC2482DED}.Release|Any CPU.Build.0 = Release|Any CPU
	EndGlobalSection
	GlobalSection(SolutionProperties) = preSolution
		HideSolutionNode = FALSE
	EndGlobalSection
	GlobalSection(ExtensibilityGlobals) = postSolution
		SolutionGuid = {445E56E1-6C65-4C1A-9B16-39342DE8F523}
	EndGlobalSection
EndGlobal
