
Microsoft Visual Studio Solution File, Format Version 12.00
# Visual Studio Version 17
VisualStudioVersion = 17.2.32516.85
MinimumVisualStudioVersion = 10.0.40219.1
Project("{FAE04EC0-301F-11D3-BF4B-00C04F79EFBC}") = "shoppingAPPMVC", "shoppingAPPMVC\shoppingAPPMVC.csproj", "{C98CDD28-F1F6-4984-9A81-0F06C0152FE7}"
EndProject
Global
	GlobalSection(SolutionConfigurationPlatforms) = preSolution
		Debug|Any CPU = Debug|Any CPU
		Release|Any CPU = Release|Any CPU
	EndGlobalSection
	GlobalSection(ProjectConfigurationPlatforms) = postSolution
		{C98CDD28-F1F6-4984-9A81-0F06C0152FE7}.Debug|Any CPU.ActiveCfg = Debug|Any CPU
		{C98CDD28-F1F6-4984-9A81-0F06C0152FE7}.Debug|Any CPU.Build.0 = Debug|Any CPU
		{C98CDD28-F1F6-4984-9A81-0F06C0152FE7}.Release|Any CPU.ActiveCfg = Release|Any CPU
		{C98CDD28-F1F6-4984-9A81-0F06C0152FE7}.Release|Any CPU.Build.0 = Release|Any CPU
	EndGlobalSection
	GlobalSection(SolutionProperties) = preSolution
		HideSolutionNode = FALSE
	EndGlobalSection
	GlobalSection(ExtensibilityGlobals) = postSolution
		SolutionGuid = {DE95191D-24BF-437A-9695-55C9BE9109A2}
	EndGlobalSection
EndGlobal
