
Microsoft Visual Studio Solution File, Format Version 12.00
# Visual Studio Version 17
VisualStudioVersion = 17.2.32516.85
MinimumVisualStudioVersion = 10.0.40219.1
Project("{FAE04EC0-301F-11D3-BF4B-00C04F79EFBC}") = "OOPSDemo", "OOPSDemo\OOPSDemo.csproj", "{DA06DBBE-00E2-45A7-803E-262A6F2E6432}"
EndProject
Global
	GlobalSection(SolutionConfigurationPlatforms) = preSolution
		Debug|Any CPU = Debug|Any CPU
		Release|Any CPU = Release|Any CPU
	EndGlobalSection
	GlobalSection(ProjectConfigurationPlatforms) = postSolution
		{DA06DBBE-00E2-45A7-803E-262A6F2E6432}.Debug|Any CPU.ActiveCfg = Debug|Any CPU
		{DA06DBBE-00E2-45A7-803E-262A6F2E6432}.Debug|Any CPU.Build.0 = Debug|Any CPU
		{DA06DBBE-00E2-45A7-803E-262A6F2E6432}.Release|Any CPU.ActiveCfg = Release|Any CPU
		{DA06DBBE-00E2-45A7-803E-262A6F2E6432}.Release|Any CPU.Build.0 = Release|Any CPU
	EndGlobalSection
	GlobalSection(SolutionProperties) = preSolution
		HideSolutionNode = FALSE
	EndGlobalSection
	GlobalSection(ExtensibilityGlobals) = postSolution
		SolutionGuid = {33BF85C2-FC0C-4D57-B921-B0A2D7112623}
	EndGlobalSection
EndGlobal
