
Microsoft Visual Studio Solution File, Format Version 12.00
# Visual Studio Version 17
VisualStudioVersion = 17.2.32516.85
MinimumVisualStudioVersion = 10.0.40219.1
Project("{FAE04EC0-301F-11D3-BF4B-00C04F79EFBC}") = "demo", "demo.csproj", "{4E96BA5B-0D7F-4386-80CA-4893B049B051}"
EndProject
Global
	GlobalSection(SolutionConfigurationPlatforms) = preSolution
		Debug|Any CPU = Debug|Any CPU
		Release|Any CPU = Release|Any CPU
	EndGlobalSection
	GlobalSection(ProjectConfigurationPlatforms) = postSolution
		{4E96BA5B-0D7F-4386-80CA-4893B049B051}.Debug|Any CPU.ActiveCfg = Debug|Any CPU
		{4E96BA5B-0D7F-4386-80CA-4893B049B051}.Debug|Any CPU.Build.0 = Debug|Any CPU
		{4E96BA5B-0D7F-4386-80CA-4893B049B051}.Release|Any CPU.ActiveCfg = Release|Any CPU
		{4E96BA5B-0D7F-4386-80CA-4893B049B051}.Release|Any CPU.Build.0 = Release|Any CPU
	EndGlobalSection
	GlobalSection(SolutionProperties) = preSolution
		HideSolutionNode = FALSE
	EndGlobalSection
	GlobalSection(ExtensibilityGlobals) = postSolution
		SolutionGuid = {6BC2F421-AD16-4CFA-85B0-B2A1178C827B}
	EndGlobalSection
EndGlobal
